
Microsoft Visual Studio Solution File, Format Version 12.00
Project("{FAE04EC0-301F-11D3-BF4B-00C04F79EFBC}") = "Task1", "Task1\Task1.csproj", "{C314CB73-50F7-4576-9952-091D63458909}"
EndProject
Project("{FAE04EC0-301F-11D3-BF4B-00C04F79EFBC}") = "Task2", "Task2\Task2.csproj", "{9E4F3E13-253B-46E6-B1F6-67E303305DDD}"
EndProject
Project("{FAE04EC0-301F-11D3-BF4B-00C04F79EFBC}") = "Task3", "Task3\Task3.csproj", "{81567ABF-7F3E-4441-BCE7-F23D33715520}"
EndProject
Global
	GlobalSection(SolutionConfigurationPlatforms) = preSolution
		Debug|Any CPU = Debug|Any CPU
		Release|Any CPU = Release|Any CPU
	EndGlobalSection
	GlobalSection(ProjectConfigurationPlatforms) = postSolution
		{C314CB73-50F7-4576-9952-091D63458909}.Debug|Any CPU.ActiveCfg = Debug|Any CPU
		{C314CB73-50F7-4576-9952-091D63458909}.Debug|Any CPU.Build.0 = Debug|Any CPU
		{C314CB73-50F7-4576-9952-091D63458909}.Release|Any CPU.ActiveCfg = Release|Any CPU
		{C314CB73-50F7-4576-9952-091D63458909}.Release|Any CPU.Build.0 = Release|Any CPU
		{9E4F3E13-253B-46E6-B1F6-67E303305DDD}.Debug|Any CPU.ActiveCfg = Debug|Any CPU
		{9E4F3E13-253B-46E6-B1F6-67E303305DDD}.Debug|Any CPU.Build.0 = Debug|Any CPU
		{9E4F3E13-253B-46E6-B1F6-67E303305DDD}.Release|Any CPU.ActiveCfg = Release|Any CPU
		{9E4F3E13-253B-46E6-B1F6-67E303305DDD}.Release|Any CPU.Build.0 = Release|Any CPU
		{81567ABF-7F3E-4441-BCE7-F23D33715520}.Debug|Any CPU.ActiveCfg = Debug|Any CPU
		{81567ABF-7F3E-4441-BCE7-F23D33715520}.Debug|Any CPU.Build.0 = Debug|Any CPU
		{81567ABF-7F3E-4441-BCE7-F23D33715520}.Release|Any CPU.ActiveCfg = Release|Any CPU
		{81567ABF-7F3E-4441-BCE7-F23D33715520}.Release|Any CPU.Build.0 = Release|Any CPU
	EndGlobalSection
EndGlobal
